
Microsoft Visual Studio Solution File, Format Version 12.00
# Visual Studio Version 17
VisualStudioVersion = 17.6.33723.286
MinimumVisualStudioVersion = 10.0.40219.1
Project("{888888A0-9F3D-457C-B088-3A5042F75D52}") = "8.3", "8.3.pyproj", "{D801483D-86DE-49AB-AA3E-99D5D782CAFF}"
EndProject
Global
	GlobalSection(SolutionConfigurationPlatforms) = preSolution
		Debug|Any CPU = Debug|Any CPU
		Release|Any CPU = Release|Any CPU
	EndGlobalSection
	GlobalSection(ProjectConfigurationPlatforms) = postSolution
		{D801483D-86DE-49AB-AA3E-99D5D782CAFF}.Debug|Any CPU.ActiveCfg = Debug|Any CPU
		{D801483D-86DE-49AB-AA3E-99D5D782CAFF}.Release|Any CPU.ActiveCfg = Release|Any CPU
	EndGlobalSection
	GlobalSection(SolutionProperties) = preSolution
		HideSolutionNode = FALSE
	EndGlobalSection
	GlobalSection(ExtensibilityGlobals) = postSolution
		SolutionGuid = {F1441696-2CF9-4DB5-9EF3-1CEAACC1C4FE}
	EndGlobalSection
EndGlobal
